
Microsoft Visual Studio Solution File, Format Version 12.00
# Visual Studio Version 16
VisualStudioVersion = 16.0.29306.81
MinimumVisualStudioVersion = 10.0.40219.1
Project("{FAE04EC0-301F-11D3-BF4B-00C04F79EFBC}") = "RaidResourceCalculator", "RaidResourceCalculator\RaidResourceCalculator.csproj", "{1637A2F6-E427-42A2-BC57-B5655BC7926E}"
EndProject
Project("{FAE04EC0-301F-11D3-BF4B-00C04F79EFBC}") = "PageSwitcher", "PageSwitcher\PageSwitcher.csproj", "{3E6012E3-C42E-4F48-857E-53DB31349022}"
EndProject
Global
	GlobalSection(SolutionConfigurationPlatforms) = preSolution
		Debug|Any CPU = Debug|Any CPU
		Release|Any CPU = Release|Any CPU
	EndGlobalSection
	GlobalSection(ProjectConfigurationPlatforms) = postSolution
		{1637A2F6-E427-42A2-BC57-B5655BC7926E}.Debug|Any CPU.ActiveCfg = Debug|Any CPU
		{1637A2F6-E427-42A2-BC57-B5655BC7926E}.Debug|Any CPU.Build.0 = Debug|Any CPU
		{1637A2F6-E427-42A2-BC57-B5655BC7926E}.Release|Any CPU.ActiveCfg = Release|Any CPU
		{1637A2F6-E427-42A2-BC57-B5655BC7926E}.Release|Any CPU.Build.0 = Release|Any CPU
		{3E6012E3-C42E-4F48-857E-53DB31349022}.Debug|Any CPU.ActiveCfg = Debug|Any CPU
		{3E6012E3-C42E-4F48-857E-53DB31349022}.Debug|Any CPU.Build.0 = Debug|Any CPU
		{3E6012E3-C42E-4F48-857E-53DB31349022}.Release|Any CPU.ActiveCfg = Release|Any CPU
		{3E6012E3-C42E-4F48-857E-53DB31349022}.Release|Any CPU.Build.0 = Release|Any CPU
	EndGlobalSection
	GlobalSection(SolutionProperties) = preSolution
		HideSolutionNode = FALSE
	EndGlobalSection
	GlobalSection(ExtensibilityGlobals) = postSolution
		SolutionGuid = {AAFB34B7-F8BA-46DE-9C4E-D2F2BE180E2A}
	EndGlobalSection
EndGlobal
